// !$*UTF8*$!
{
	archiveVersion = 1;
	classes = {
	};
	objectVersion = 51;
	objects = {

/* Begin PBXBuildFile section */
		B5F1B6F45FD676C277A3B02F /* Pods_ALTWebRTC.framework in Frameworks */ = {isa = PBXBuildFile; fileRef = 29999079955D1AB2E5E44C3C /* Pods_ALTWebRTC.framework */; };
		D0A92EBA248C3D42005F21A9 /* AppDelegate.swift in Sources */ = {isa = PBXBuildFile; fileRef = D0A92EB9248C3D42005F21A9 /* AppDelegate.swift */; };
		D0A92EBE248C3D42005F21A9 /* ViewController.swift in Sources */ = {isa = PBXBuildFile; fileRef = D0A92EBD248C3D42005F21A9 /* ViewController.swift */; };
		D0A92EC1248C3D42005F21A9 /* Main.storyboard in Resources */ = {isa = PBXBuildFile; fileRef = D0A92EBF248C3D42005F21A9 /* Main.storyboard */; };
		D0A92EC3248C3D43005F21A9 /* Assets.xcassets in Resources */ = {isa = PBXBuildFile; fileRef = D0A92EC2248C3D43005F21A9 /* Assets.xcassets */; };
		D0A92EC6248C3D43005F21A9 /* LaunchScreen.storyboard in Resources */ = {isa = PBXBuildFile; fileRef = D0A92EC4248C3D43005F21A9 /* LaunchScreen.storyboard */; };
		D0A92ECF248C3FA4005F21A9 /* WebRTC.framework in Frameworks */ = {isa = PBXBuildFile; fileRef = D0A92ECE248C3FA4005F21A9 /* WebRTC.framework */; };
		D0A92ED4248C4081005F21A9 /* CameraSession.swift in Sources */ = {isa = PBXBuildFile; fileRef = D0A92ED3248C4081005F21A9 /* CameraSession.swift */; };
/* End PBXBuildFile section */

/* Begin PBXFileReference section */
		29999079955D1AB2E5E44C3C /* Pods_ALTWebRTC.framework */ = {isa = PBXFileReference; explicitFileType = wrapper.framework; includeInIndex = 0; path = Pods_ALTWebRTC.framework; sourceTree = BUILT_PRODUCTS_DIR; };
		69FDD179DF72B209F14A0AFC /* Pods-ALTWebRTC.release.xcconfig */ = {isa = PBXFileReference; includeInIndex = 1; lastKnownFileType = text.xcconfig; name = "Pods-ALTWebRTC.release.xcconfig"; path = "Target Support Files/Pods-ALTWebRTC/Pods-ALTWebRTC.release.xcconfig"; sourceTree = "<group>"; };
		D0A92EB6248C3D42005F21A9 /* ALTWebRTC.app */ = {isa = PBXFileReference; explicitFileType = wrapper.application; includeInIndex = 0; path = ALTWebRTC.app; sourceTree = BUILT_PRODUCTS_DIR; };
		D0A92EB9248C3D42005F21A9 /* AppDelegate.swift */ = {isa = PBXFileReference; lastKnownFileType = sourcecode.swift; path = AppDelegate.swift; sourceTree = "<group>"; };
		D0A92EBD248C3D42005F21A9 /* ViewController.swift */ = {isa = PBXFileReference; lastKnownFileType = sourcecode.swift; path = ViewController.swift; sourceTree = "<group>"; };
		D0A92EC0248C3D42005F21A9 /* Base */ = {isa = PBXFileReference; lastKnownFileType = file.storyboard; name = Base; path = Base.lproj/Main.storyboard; sourceTree = "<group>"; };
		D0A92EC2248C3D43005F21A9 /* Assets.xcassets */ = {isa = PBXFileReference; lastKnownFileType = folder.assetcatalog; path = Assets.xcassets; sourceTree = "<group>"; };
		D0A92EC5248C3D43005F21A9 /* Base */ = {isa = PBXFileReference; lastKnownFileType = file.storyboard; name = Base; path = Base.lproj/LaunchScreen.storyboard; sourceTree = "<group>"; };
		D0A92EC7248C3D43005F21A9 /* Info.plist */ = {isa = PBXFileReference; lastKnownFileType = text.plist.xml; path = Info.plist; sourceTree = "<group>"; };
		D0A92ECE248C3FA4005F21A9 /* WebRTC.framework */ = {isa = PBXFileReference; lastKnownFileType = wrapper.framework; path = WebRTC.framework; sourceTree = "<group>"; };
		D0A92ED3248C4081005F21A9 /* CameraSession.swift */ = {isa = PBXFileReference; lastKnownFileType = sourcecode.swift; path = CameraSession.swift; sourceTree = "<group>"; };
		EA54037830E3031B2F47625D /* Pods-ALTWebRTC.debug.xcconfig */ = {isa = PBXFileReference; includeInIndex = 1; lastKnownFileType = text.xcconfig; name = "Pods-ALTWebRTC.debug.xcconfig"; path = "Target Support Files/Pods-ALTWebRTC/Pods-ALTWebRTC.debug.xcconfig"; sourceTree = "<group>"; };
/* End PBXFileReference section */

/* Begin PBXFrameworksBuildPhase section */
		D0A92EB3248C3D42005F21A9 /* Frameworks */ = {
			isa = PBXFrameworksBuildPhase;
			buildActionMask = 2147483647;
			files = (
				B5F1B6F45FD676C277A3B02F /* Pods_ALTWebRTC.framework in Frameworks */,
				D0A92ECF248C3FA4005F21A9 /* WebRTC.framework in Frameworks */,
			);
			runOnlyForDeploymentPostprocessing = 0;
		};
/* End PBXFrameworksBuildPhase section */

/* Begin PBXGroup section */
		6CE19137B8BFD48D2A1FAAFE /* Pods */ = {
			isa = PBXGroup;
			children = (
				EA54037830E3031B2F47625D /* Pods-ALTWebRTC.debug.xcconfig */,
				69FDD179DF72B209F14A0AFC /* Pods-ALTWebRTC.release.xcconfig */,
			);
			path = Pods;
			sourceTree = "<group>";
		};
		C95EA23D37B998B147313EDC /* Frameworks */ = {
			isa = PBXGroup;
			children = (
				29999079955D1AB2E5E44C3C /* Pods_ALTWebRTC.framework */,
			);
			name = Frameworks;
			sourceTree = "<group>";
		};
		D0A92EAD248C3D42005F21A9 = {
			isa = PBXGroup;
			children = (
				D0A92EB8248C3D42005F21A9 /* ALTWebRTC */,
				D0A92EB7248C3D42005F21A9 /* Products */,
				6CE19137B8BFD48D2A1FAAFE /* Pods */,
				C95EA23D37B998B147313EDC /* Frameworks */,
			);
			sourceTree = "<group>";
		};
		D0A92EB7248C3D42005F21A9 /* Products */ = {
			isa = PBXGroup;
			children = (
				D0A92EB6248C3D42005F21A9 /* ALTWebRTC.app */,
			);
			name = Products;
			sourceTree = "<group>";
		};
		D0A92EB8248C3D42005F21A9 /* ALTWebRTC */ = {
			isa = PBXGroup;
			children = (
				D0A92EB9248C3D42005F21A9 /* AppDelegate.swift */,
				D0A92EBD248C3D42005F21A9 /* ViewController.swift */,
				D0A92EBF248C3D42005F21A9 /* Main.storyboard */,
				D0A92ED0248C3FFC005F21A9 /* Helpers */,
				D0A92ECD248C3F39005F21A9 /* Frameworks */,
				D0A92EC2248C3D43005F21A9 /* Assets.xcassets */,
				D0A92EC4248C3D43005F21A9 /* LaunchScreen.storyboard */,
				D0A92EC7248C3D43005F21A9 /* Info.plist */,
			);
			path = ALTWebRTC;
			sourceTree = "<group>";
		};
		D0A92ECD248C3F39005F21A9 /* Frameworks */ = {
			isa = PBXGroup;
			children = (
				D0A92ECE248C3FA4005F21A9 /* WebRTC.framework */,
			);
			path = Frameworks;
			sourceTree = "<group>";
		};
		D0A92ED0248C3FFC005F21A9 /* Helpers */ = {
			isa = PBXGroup;
			children = (
				D0A92ED3248C4081005F21A9 /* CameraSession.swift */,
			);
			path = Helpers;
			sourceTree = "<group>";
		};
/* End PBXGroup section */

/* Begin PBXNativeTarget section */
		D0A92EB5248C3D42005F21A9 /* ALTWebRTC */ = {
			isa = PBXNativeTarget;
			buildConfigurationList = D0A92ECA248C3D43005F21A9 /* Build configuration list for PBXNativeTarget "ALTWebRTC" */;
			buildPhases = (
				B239F27A55B22DCCDE2B2FA6 /* [CP] Check Pods Manifest.lock */,
				D0A92EB2248C3D42005F21A9 /* Sources */,
				D0A92EB3248C3D42005F21A9 /* Frameworks */,
				D0A92EB4248C3D42005F21A9 /* Resources */,
				9C4A19EC2EB0AA2AB8996496 /* [CP] Embed Pods Frameworks */,
			);
			buildRules = (
			);
			dependencies = (
			);
			name = ALTWebRTC;
			productName = ALTWebRTC;
			productReference = D0A92EB6248C3D42005F21A9 /* ALTWebRTC.app */;
			productType = "com.apple.product-type.application";
		};
/* End PBXNativeTarget section */

/* Begin PBXProject section */
		D0A92EAE248C3D42005F21A9 /* Project object */ = {
			isa = PBXProject;
			attributes = {
				LastSwiftUpdateCheck = 1150;
				LastUpgradeCheck = 1150;
				ORGANIZATIONNAME = "Alfredo Luco";
				TargetAttributes = {
					D0A92EB5248C3D42005F21A9 = {
						CreatedOnToolsVersion = 11.5;
					};
				};
			};
			buildConfigurationList = D0A92EB1248C3D42005F21A9 /* Build configuration list for PBXProject "ALTWebRTC" */;
			compatibilityVersion = "Xcode 9.3";
			developmentRegion = en;
			hasScannedForEncodings = 0;
			knownRegions = (
				en,
				Base,
			);
			mainGroup = D0A92EAD248C3D42005F21A9;
			productRefGroup = D0A92EB7248C3D42005F21A9 /* Products */;
			projectDirPath = "";
			projectRoot = "";
			targets = (
				D0A92EB5248C3D42005F21A9 /* ALTWebRTC */,
			);
		};
/* End PBXProject section */

/* Begin PBXResourcesBuildPhase section */
		D0A92EB4248C3D42005F21A9 /* Resources */ = {
			isa = PBXResourcesBuildPhase;
			buildActionMask = 2147483647;
			files = (
				D0A92EC6248C3D43005F21A9 /* LaunchScreen.storyboard in Resources */,
				D0A92EC3248C3D43005F21A9 /* Assets.xcassets in Resources */,
				D0A92EC1248C3D42005F21A9 /* Main.storyboard in Resources */,
			);
			runOnlyForDeploymentPostprocessing = 0;
		};
/* End PBXResourcesBuildPhase section */

/* Begin PBXShellScriptBuildPhase section */
		9C4A19EC2EB0AA2AB8996496 /* [CP] Embed Pods Frameworks */ = {
			isa = PBXShellScriptBuildPhase;
			buildActionMask = 2147483647;
			files = (
			);
			inputFileListPaths = (
				"${PODS_ROOT}/Target Support Files/Pods-ALTWebRTC/Pods-ALTWebRTC-frameworks-${CONFIGURATION}-input-files.xcfilelist",
			);
			name = "[CP] Embed Pods Frameworks";
			outputFileListPaths = (
				"${PODS_ROOT}/Target Support Files/Pods-ALTWebRTC/Pods-ALTWebRTC-frameworks-${CONFIGURATION}-output-files.xcfilelist",
			);
			runOnlyForDeploymentPostprocessing = 0;
			shellPath = /bin/sh;
			shellScript = "\"${PODS_ROOT}/Target Support Files/Pods-ALTWebRTC/Pods-ALTWebRTC-frameworks.sh\"\n";
			showEnvVarsInLog = 0;
		};
		B239F27A55B22DCCDE2B2FA6 /* [CP] Check Pods Manifest.lock */ = {
			isa = PBXShellScriptBuildPhase;
			buildActionMask = 2147483647;
			files = (
			);
			inputFileListPaths = (
			);
			inputPaths = (
				"${PODS_PODFILE_DIR_PATH}/Podfile.lock",
				"${PODS_ROOT}/Manifest.lock",
			);
			name = "[CP] Check Pods Manifest.lock";
			outputFileListPaths = (
			);
			outputPaths = (
				"$(DERIVED_FILE_DIR)/Pods-ALTWebRTC-checkManifestLockResult.txt",
			);
			runOnlyForDeploymentPostprocessing = 0;
			shellPath = /bin/sh;
			shellScript = "diff \"${PODS_PODFILE_DIR_PATH}/Podfile.lock\" \"${PODS_ROOT}/Manifest.lock\" > /dev/null\nif [ $? != 0 ] ; then\n    # print error to STDERR\n    echo \"error: The sandbox is not in sync with the Podfile.lock. Run 'pod install' or update your CocoaPods installation.\" >&2\n    exit 1\nfi\n# This output is used by Xcode 'outputs' to avoid re-running this script phase.\necho \"SUCCESS\" > \"${SCRIPT_OUTPUT_FILE_0}\"\n";
			showEnvVarsInLog = 0;
		};
/* End PBXShellScriptBuildPhase section */

/* Begin PBXSourcesBuildPhase section */
		D0A92EB2248C3D42005F21A9 /* Sources */ = {
			isa = PBXSourcesBuildPhase;
			buildActionMask = 2147483647;
			files = (
				D0A92EBE248C3D42005F21A9 /* ViewController.swift in Sources */,
				D0A92ED4248C4081005F21A9 /* CameraSession.swift in Sources */,
				D0A92EBA248C3D42005F21A9 /* AppDelegate.swift in Sources */,
			);
			runOnlyForDeploymentPostprocessing = 0;
		};
/* End PBXSourcesBuildPhase section */

/* Begin PBXVariantGroup section */
		D0A92EBF248C3D42005F21A9 /* Main.storyboard */ = {
			isa = PBXVariantGroup;
			children = (
				D0A92EC0248C3D42005F21A9 /* Base */,
			);
			name = Main.storyboard;
			sourceTree = "<group>";
		};
		D0A92EC4248C3D43005F21A9 /* LaunchScreen.storyboard */ = {
			isa = PBXVariantGroup;
			children = (
				D0A92EC5248C3D43005F21A9 /* Base */,
			);
			name = LaunchScreen.storyboard;
			sourceTree = "<group>";
		};
/* End PBXVariantGroup section */

/* Begin XCBuildConfiguration section */
		D0A92EC8248C3D43005F21A9 /* Debug */ = {
			isa = XCBuildConfiguration;
			buildSettings = {
				ALWAYS_SEARCH_USER_PATHS = NO;
				CLANG_ANALYZER_NONNULL = YES;
				CLANG_ANALYZER_NUMBER_OBJECT_CONVERSION = YES_AGGRESSIVE;
				CLANG_CXX_LANGUAGE_STANDARD = "gnu++14";
				CLANG_CXX_LIBRARY = "libc++";
				CLANG_ENABLE_MODULES = YES;
				CLANG_ENABLE_OBJC_ARC = YES;
				CLANG_ENABLE_OBJC_WEAK = YES;
				CLANG_WARN_BLOCK_CAPTURE_AUTORELEASING = YES;
				CLANG_WARN_BOOL_CONVERSION = YES;
				CLANG_WARN_COMMA = YES;
				CLANG_WARN_CONSTANT_CONVERSION = YES;
				CLANG_WARN_DEPRECATED_OBJC_IMPLEMENTATIONS = YES;
				CLANG_WARN_DIRECT_OBJC_ISA_USAGE = YES_ERROR;
				CLANG_WARN_DOCUMENTATION_COMMENTS = YES;
				CLANG_WARN_EMPTY_BODY = YES;
				CLANG_WARN_ENUM_CONVERSION = YES;
				CLANG_WARN_INFINITE_RECURSION = YES;
				CLANG_WARN_INT_CONVERSION = YES;
				CLANG_WARN_NON_LITERAL_NULL_CONVERSION = YES;
				CLANG_WARN_OBJC_IMPLICIT_RETAIN_SELF = YES;
				CLANG_WARN_OBJC_LITERAL_CONVERSION = YES;
				CLANG_WARN_OBJC_ROOT_CLASS = YES_ERROR;
				CLANG_WARN_RANGE_LOOP_ANALYSIS = YES;
				CLANG_WARN_STRICT_PROTOTYPES = YES;
				CLANG_WARN_SUSPICIOUS_MOVE = YES;
				CLANG_WARN_UNGUARDED_AVAILABILITY = YES_AGGRESSIVE;
				CLANG_WARN_UNREACHABLE_CODE = YES;
				CLANG_WARN__DUPLICATE_METHOD_MATCH = YES;
				COPY_PHASE_STRIP = NO;
				DEBUG_INFORMATION_FORMAT = dwarf;
				ENABLE_STRICT_OBJC_MSGSEND = YES;
				ENABLE_TESTABILITY = YES;
				GCC_C_LANGUAGE_STANDARD = gnu11;
				GCC_DYNAMIC_NO_PIC = NO;
				GCC_NO_COMMON_BLOCKS = YES;
				GCC_OPTIMIZATION_LEVEL = 0;
				GCC_PREPROCESSOR_DEFINITIONS = (
					"DEBUG=1",
					"$(inherited)",
				);
				GCC_WARN_64_TO_32_BIT_CONVERSION = YES;
				GCC_WARN_ABOUT_RETURN_TYPE = YES_ERROR;
				GCC_WARN_UNDECLARED_SELECTOR = YES;
				GCC_WARN_UNINITIALIZED_AUTOS = YES_AGGRESSIVE;
				GCC_WARN_UNUSED_FUNCTION = YES;
				GCC_WARN_UNUSED_VARIABLE = YES;
				IPHONEOS_DEPLOYMENT_TARGET = 13.5;
				MTL_ENABLE_DEBUG_INFO = INCLUDE_SOURCE;
				MTL_FAST_MATH = YES;
				ONLY_ACTIVE_ARCH = YES;
				SDKROOT = iphoneos;
				SWIFT_ACTIVE_COMPILATION_CONDITIONS = DEBUG;
				SWIFT_OPTIMIZATION_LEVEL = "-Onone";
			};
			name = Debug;
		};
		D0A92EC9248C3D43005F21A9 /* Release */ = {
			isa = XCBuildConfiguration;
			buildSettings = {
				ALWAYS_SEARCH_USER_PATHS = NO;
				CLANG_ANALYZER_NONNULL = YES;
				CLANG_ANALYZER_NUMBER_OBJECT_CONVERSION = YES_AGGRESSIVE;
				CLANG_CXX_LANGUAGE_STANDARD = "gnu++14";
				CLANG_CXX_LIBRARY = "libc++";
				CLANG_ENABLE_MODULES = YES;
				CLANG_ENABLE_OBJC_ARC = YES;
				CLANG_ENABLE_OBJC_WEAK = YES;
				CLANG_WARN_BLOCK_CAPTURE_AUTORELEASING = YES;
				CLANG_WARN_BOOL_CONVERSION = YES;
				CLANG_WARN_COMMA = YES;
				CLANG_WARN_CONSTANT_CONVERSION = YES;
				CLANG_WARN_DEPRECATED_OBJC_IMPLEMENTATIONS = YES;
				CLANG_WARN_DIRECT_OBJC_ISA_USAGE = YES_ERROR;
				CLANG_WARN_DOCUMENTATION_COMMENTS = YES;
				CLANG_WARN_EMPTY_BODY = YES;
				CLANG_WARN_ENUM_CONVERSION = YES;
				CLANG_WARN_INFINITE_RECURSION = YES;
				CLANG_WARN_INT_CONVERSION = YES;
				CLANG_WARN_NON_LITERAL_NULL_CONVERSION = YES;
				CLANG_WARN_OBJC_IMPLICIT_RETAIN_SELF = YES;
				CLANG_WARN_OBJC_LITERAL_CONVERSION = YES;
				CLANG_WARN_OBJC_ROOT_CLASS = YES_ERROR;
				CLANG_WARN_RANGE_LOOP_ANALYSIS = YES;
				CLANG_WARN_STRICT_PROTOTYPES = YES;
				CLANG_WARN_SUSPICIOUS_MOVE = YES;
				CLANG_WARN_UNGUARDED_AVAILABILITY = YES_AGGRESSIVE;
				CLANG_WARN_UNREACHABLE_CODE = YES;
				CLANG_WARN__DUPLICATE_METHOD_MATCH = YES;
				COPY_PHASE_STRIP = NO;
				DEBUG_INFORMATION_FORMAT = "dwarf-with-dsym";
				ENABLE_NS_ASSERTIONS = NO;
				ENABLE_STRICT_OBJC_MSGSEND = YES;
				GCC_C_LANGUAGE_STANDARD = gnu11;
				GCC_NO_COMMON_BLOCKS = YES;
				GCC_WARN_64_TO_32_BIT_CONVERSION = YES;
				GCC_WARN_ABOUT_RETURN_TYPE = YES_ERROR;
				GCC_WARN_UNDECLARED_SELECTOR = YES;
				GCC_WARN_UNINITIALIZED_AUTOS = YES_AGGRESSIVE;
				GCC_WARN_UNUSED_FUNCTION = YES;
				GCC_WARN_UNUSED_VARIABLE = YES;
				IPHONEOS_DEPLOYMENT_TARGET = 13.5;
				MTL_ENABLE_DEBUG_INFO = NO;
				MTL_FAST_MATH = YES;
				SDKROOT = iphoneos;
				SWIFT_COMPILATION_MODE = wholemodule;
				SWIFT_OPTIMIZATION_LEVEL = "-O";
				VALIDATE_PRODUCT = YES;
			};
			name = Release;
		};
		D0A92ECB248C3D43005F21A9 /* Debug */ = {
			isa = XCBuildConfiguration;
			baseConfigurationReference = EA54037830E3031B2F47625D /* Pods-ALTWebRTC.debug.xcconfig */;
			buildSettings = {
				ASSETCATALOG_COMPILER_APPICON_NAME = AppIcon;
				CODE_SIGN_STYLE = Automatic;
				DEVELOPMENT_TEAM = ZLC9VRAR2N;
				FRAMEWORK_SEARCH_PATHS = (
					"$(inherited)",
					"$(PROJECT_DIR)/ALTWebRTC/Frameworks",
				);
				INFOPLIST_FILE = ALTWebRTC/Info.plist;
				IPHONEOS_DEPLOYMENT_TARGET = 11.4;
				LD_RUNPATH_SEARCH_PATHS = (
					"$(inherited)",
					"@executable_path/Frameworks",
				);
				PRODUCT_BUNDLE_IDENTIFIER = cl.aluco.ALTWebRTC;
				PRODUCT_NAME = "$(TARGET_NAME)";
				SWIFT_VERSION = 5.0;
				TARGETED_DEVICE_FAMILY = 1;
			};
			name = Debug;
		};
		D0A92ECC248C3D43005F21A9 /* Release */ = {
			isa = XCBuildConfiguration;
			baseConfigurationReference = 69FDD179DF72B209F14A0AFC /* Pods-ALTWebRTC.release.xcconfig */;
			buildSettings = {
				ASSETCATALOG_COMPILER_APPICON_NAME = AppIcon;
				CODE_SIGN_STYLE = Automatic;
				DEVELOPMENT_TEAM = ZLC9VRAR2N;
				FRAMEWORK_SEARCH_PATHS = (
					"$(inherited)",
					"$(PROJECT_DIR)/ALTWebRTC/Frameworks",
				);
				INFOPLIST_FILE = ALTWebRTC/Info.plist;
				IPHONEOS_DEPLOYMENT_TARGET = 11.4;
				LD_RUNPATH_SEARCH_PATHS = (
					"$(inherited)",
					"@executable_path/Frameworks",
				);
				PRODUCT_BUNDLE_IDENTIFIER = cl.aluco.ALTWebRTC;
				PRODUCT_NAME = "$(TARGET_NAME)";
				SWIFT_VERSION = 5.0;
				TARGETED_DEVICE_FAMILY = 1;
			};
			name = Release;
		};
/* End XCBuildConfiguration section */

/* Begin XCConfigurationList section */
		D0A92EB1248C3D42005F21A9 /* Build configuration list for PBXProject "ALTWebRTC" */ = {
			isa = XCConfigurationList;
			buildConfigurations = (
				D0A92EC8248C3D43005F21A9 /* Debug */,
				D0A92EC9248C3D43005F21A9 /* Release */,
			);
			defaultConfigurationIsVisible = 0;
			defaultConfigurationName = Release;
		};
		D0A92ECA248C3D43005F21A9 /* Build configuration list for PBXNativeTarget "ALTWebRTC" */ = {
			isa = XCConfigurationList;
			buildConfigurations = (
				D0A92ECB248C3D43005F21A9 /* Debug */,
				D0A92ECC248C3D43005F21A9 /* Release */,
			);
			defaultConfigurationIsVisible = 0;
			defaultConfigurationName = Release;
		};
/* End XCConfigurationList section */
	};
	rootObject = D0A92EAE248C3D42005F21A9 /* Project object */;
}
